
Microsoft Visual Studio Solution File, Format Version 12.00
# Visual Studio Version 16
VisualStudioVersion = 16.0.31019.35
MinimumVisualStudioVersion = 10.0.40219.1
Project("{9A19103F-16F7-4668-BE54-9A1E7A4F7556}") = "sql-batch-insert-performance", "sql-batch-insert-performance.csproj", "{57E3DC95-5C4E-4C83-BEA5-FC6338ECC7A8}"
EndProject
Global
	GlobalSection(SolutionConfigurationPlatforms) = preSolution
		Debug|Any CPU = Debug|Any CPU
		Release|Any CPU = Release|Any CPU
	EndGlobalSection
	GlobalSection(ProjectConfigurationPlatforms) = postSolution
		{57E3DC95-5C4E-4C83-BEA5-FC6338ECC7A8}.Debug|Any CPU.ActiveCfg = Debug|Any CPU
		{57E3DC95-5C4E-4C83-BEA5-FC6338ECC7A8}.Debug|Any CPU.Build.0 = Debug|Any CPU
		{57E3DC95-5C4E-4C83-BEA5-FC6338ECC7A8}.Release|Any CPU.ActiveCfg = Release|Any CPU
		{57E3DC95-5C4E-4C83-BEA5-FC6338ECC7A8}.Release|Any CPU.Build.0 = Release|Any CPU
	EndGlobalSection
	GlobalSection(SolutionProperties) = preSolution
		HideSolutionNode = FALSE
	EndGlobalSection
	GlobalSection(ExtensibilityGlobals) = postSolution
		SolutionGuid = {74BB2980-B997-4C9B-91A7-3982558CC527}
	EndGlobalSection
EndGlobal
